// !$*UTF8*$!
{
	archiveVersion = 1;
	classes = {
	};
	objectVersion = 46;
	objects = {

/* Begin PBXBuildFile section */
		372FF896456C7094481B60A7 /* Pods_busping.framework in Frameworks */ = {isa = PBXBuildFile; fileRef = 42FA1266424FCA93F00882A9 /* Pods_busping.framework */; };
		B228FF761D9AC86E004E157E /* AppDelegate.swift in Sources */ = {isa = PBXBuildFile; fileRef = B228FF751D9AC86E004E157E /* AppDelegate.swift */; };
		B228FF781D9AC86E004E157E /* ViewController.swift in Sources */ = {isa = PBXBuildFile; fileRef = B228FF771D9AC86E004E157E /* ViewController.swift */; };
		B228FF7B1D9AC86E004E157E /* Main.storyboard in Resources */ = {isa = PBXBuildFile; fileRef = B228FF791D9AC86E004E157E /* Main.storyboard */; };
		B228FF7D1D9AC86E004E157E /* Assets.xcassets in Resources */ = {isa = PBXBuildFile; fileRef = B228FF7C1D9AC86E004E157E /* Assets.xcassets */; };
		B228FF801D9AC86E004E157E /* LaunchScreen.storyboard in Resources */ = {isa = PBXBuildFile; fileRef = B228FF7E1D9AC86E004E157E /* LaunchScreen.storyboard */; };
/* End PBXBuildFile section */

/* Begin PBXFileReference section */
		42FA1266424FCA93F00882A9 /* Pods_busping.framework */ = {isa = PBXFileReference; explicitFileType = wrapper.framework; includeInIndex = 0; path = Pods_busping.framework; sourceTree = BUILT_PRODUCTS_DIR; };
		4B93116794B699A9A28A4668 /* Pods-busping.release.xcconfig */ = {isa = PBXFileReference; includeInIndex = 1; lastKnownFileType = text.xcconfig; name = "Pods-busping.release.xcconfig"; path = "Pods/Target Support Files/Pods-busping/Pods-busping.release.xcconfig"; sourceTree = "<group>"; };
		989F46A539567D0BCFD7A85C /* Pods-busping.debug.xcconfig */ = {isa = PBXFileReference; includeInIndex = 1; lastKnownFileType = text.xcconfig; name = "Pods-busping.debug.xcconfig"; path = "Pods/Target Support Files/Pods-busping/Pods-busping.debug.xcconfig"; sourceTree = "<group>"; };
		B228FF721D9AC86E004E157E /* busping.app */ = {isa = PBXFileReference; explicitFileType = wrapper.application; includeInIndex = 0; path = busping.app; sourceTree = BUILT_PRODUCTS_DIR; };
		B228FF751D9AC86E004E157E /* AppDelegate.swift */ = {isa = PBXFileReference; lastKnownFileType = sourcecode.swift; path = AppDelegate.swift; sourceTree = "<group>"; };
		B228FF771D9AC86E004E157E /* ViewController.swift */ = {isa = PBXFileReference; lastKnownFileType = sourcecode.swift; path = ViewController.swift; sourceTree = "<group>"; };
		B228FF7A1D9AC86E004E157E /* Base */ = {isa = PBXFileReference; lastKnownFileType = file.storyboard; name = Base; path = Base.lproj/Main.storyboard; sourceTree = "<group>"; };
		B228FF7C1D9AC86E004E157E /* Assets.xcassets */ = {isa = PBXFileReference; lastKnownFileType = folder.assetcatalog; path = Assets.xcassets; sourceTree = "<group>"; };
		B228FF7F1D9AC86E004E157E /* Base */ = {isa = PBXFileReference; lastKnownFileType = file.storyboard; name = Base; path = Base.lproj/LaunchScreen.storyboard; sourceTree = "<group>"; };
		B228FF811D9AC86E004E157E /* Info.plist */ = {isa = PBXFileReference; lastKnownFileType = text.plist.xml; path = Info.plist; sourceTree = "<group>"; };
/* End PBXFileReference section */

/* Begin PBXFrameworksBuildPhase section */
		B228FF6F1D9AC86D004E157E /* Frameworks */ = {
			isa = PBXFrameworksBuildPhase;
			buildActionMask = 2147483647;
			files = (
				372FF896456C7094481B60A7 /* Pods_busping.framework in Frameworks */,
			);
			runOnlyForDeploymentPostprocessing = 0;
		};
/* End PBXFrameworksBuildPhase section */

/* Begin PBXGroup section */
		400403E9566D9CAC9CB33B05 /* Pods */ = {
			isa = PBXGroup;
			children = (
				989F46A539567D0BCFD7A85C /* Pods-busping.debug.xcconfig */,
				4B93116794B699A9A28A4668 /* Pods-busping.release.xcconfig */,
			);
			name = Pods;
			sourceTree = "<group>";
		};
		5684E428FF674839C36B13A9 /* Frameworks */ = {
			isa = PBXGroup;
			children = (
				42FA1266424FCA93F00882A9 /* Pods_busping.framework */,
			);
			name = Frameworks;
			sourceTree = "<group>";
		};
		B228FF691D9AC86D004E157E = {
			isa = PBXGroup;
			children = (
				B228FF741D9AC86E004E157E /* busping */,
				B228FF731D9AC86E004E157E /* Products */,
				400403E9566D9CAC9CB33B05 /* Pods */,
				5684E428FF674839C36B13A9 /* Frameworks */,
			);
			sourceTree = "<group>";
		};
		B228FF731D9AC86E004E157E /* Products */ = {
			isa = PBXGroup;
			children = (
				B228FF721D9AC86E004E157E /* busping.app */,
			);
			name = Products;
			sourceTree = "<group>";
		};
		B228FF741D9AC86E004E157E /* busping */ = {
			isa = PBXGroup;
			children = (
				B228FF751D9AC86E004E157E /* AppDelegate.swift */,
				B228FF771D9AC86E004E157E /* ViewController.swift */,
				B228FF791D9AC86E004E157E /* Main.storyboard */,
				B228FF7C1D9AC86E004E157E /* Assets.xcassets */,
				B228FF7E1D9AC86E004E157E /* LaunchScreen.storyboard */,
				B228FF811D9AC86E004E157E /* Info.plist */,
			);
			path = busping;
			sourceTree = "<group>";
		};
/* End PBXGroup section */

/* Begin PBXNativeTarget section */
		B228FF711D9AC86D004E157E /* busping */ = {
			isa = PBXNativeTarget;
			buildConfigurationList = B228FF841D9AC86E004E157E /* Build configuration list for PBXNativeTarget "busping" */;
			buildPhases = (
				DB92B49DF023C4A08617DB2B /* [CP] Check Pods Manifest.lock */,
				B228FF6E1D9AC86D004E157E /* Sources */,
				B228FF6F1D9AC86D004E157E /* Frameworks */,
				B228FF701D9AC86D004E157E /* Resources */,
				D6EA921197DD1332C4DBD1B3 /* [CP] Embed Pods Frameworks */,
				73B2BA83B427D7E067690368 /* [CP] Copy Pods Resources */,
			);
			buildRules = (
			);
			dependencies = (
			);
			name = busping;
			productName = busping;
			productReference = B228FF721D9AC86E004E157E /* busping.app */;
			productType = "com.apple.product-type.application";
		};
/* End PBXNativeTarget section */

/* Begin PBXProject section */
		B228FF6A1D9AC86D004E157E /* Project object */ = {
			isa = PBXProject;
			attributes = {
				LastSwiftUpdateCheck = 0800;
				LastUpgradeCheck = 0820;
				ORGANIZATIONNAME = "Johnny Linnert";
				TargetAttributes = {
					B228FF711D9AC86D004E157E = {
						CreatedOnToolsVersion = 8.0;
						DevelopmentTeam = 7K9KLB5QXN;
						LastSwiftMigration = 0800;
						ProvisioningStyle = Automatic;
					};
				};
			};
			buildConfigurationList = B228FF6D1D9AC86D004E157E /* Build configuration list for PBXProject "busping" */;
			compatibilityVersion = "Xcode 3.2";
			developmentRegion = English;
			hasScannedForEncodings = 0;
			knownRegions = (
				en,
				Base,
			);
			mainGroup = B228FF691D9AC86D004E157E;
			productRefGroup = B228FF731D9AC86E004E157E /* Products */;
			projectDirPath = "";
			projectRoot = "";
			targets = (
				B228FF711D9AC86D004E157E /* busping */,
			);
		};
/* End PBXProject section */

/* Begin PBXResourcesBuildPhase section */
		B228FF701D9AC86D004E157E /* Resources */ = {
			isa = PBXResourcesBuildPhase;
			buildActionMask = 2147483647;
			files = (
				B228FF801D9AC86E004E157E /* LaunchScreen.storyboard in Resources */,
				B228FF7D1D9AC86E004E157E /* Assets.xcassets in Resources */,
				B228FF7B1D9AC86E004E157E /* Main.storyboard in Resources */,
			);
			runOnlyForDeploymentPostprocessing = 0;
		};
/* End PBXResourcesBuildPhase section */

/* Begin PBXShellScriptBuildPhase section */
		73B2BA83B427D7E067690368 /* [CP] Copy Pods Resources */ = {
			isa = PBXShellScriptBuildPhase;
			buildActionMask = 2147483647;
			files = (
			);
			inputPaths = (
			);
			name = "[CP] Copy Pods Resources";
			outputPaths = (
			);
			runOnlyForDeploymentPostprocessing = 0;
			shellPath = /bin/sh;
			shellScript = "\"${SRCROOT}/Pods/Target Support Files/Pods-busping/Pods-busping-resources.sh\"\n";
			showEnvVarsInLog = 0;
		};
		D6EA921197DD1332C4DBD1B3 /* [CP] Embed Pods Frameworks */ = {
			isa = PBXShellScriptBuildPhase;
			buildActionMask = 2147483647;
			files = (
			);
			inputPaths = (
			);
			name = "[CP] Embed Pods Frameworks";
			outputPaths = (
			);
			runOnlyForDeploymentPostprocessing = 0;
			shellPath = /bin/sh;
			shellScript = "\"${SRCROOT}/Pods/Target Support Files/Pods-busping/Pods-busping-frameworks.sh\"\n";
			showEnvVarsInLog = 0;
		};
		DB92B49DF023C4A08617DB2B /* [CP] Check Pods Manifest.lock */ = {
			isa = PBXShellScriptBuildPhase;
			buildActionMask = 2147483647;
			files = (
			);
			inputPaths = (
			);
			name = "[CP] Check Pods Manifest.lock";
			outputPaths = (
			);
			runOnlyForDeploymentPostprocessing = 0;
			shellPath = /bin/sh;
			shellScript = "diff \"${PODS_ROOT}/../Podfile.lock\" \"${PODS_ROOT}/Manifest.lock\" > /dev/null\nif [ $? != 0 ] ; then\n    # print error to STDERR\n    echo \"error: The sandbox is not in sync with the Podfile.lock. Run 'pod install' or update your CocoaPods installation.\" >&2\n    exit 1\nfi\n";
			showEnvVarsInLog = 0;
		};
/* End PBXShellScriptBuildPhase section */

/* Begin PBXSourcesBuildPhase section */
		B228FF6E1D9AC86D004E157E /* Sources */ = {
			isa = PBXSourcesBuildPhase;
			buildActionMask = 2147483647;
			files = (
				B228FF781D9AC86E004E157E /* ViewController.swift in Sources */,
				B228FF761D9AC86E004E157E /* AppDelegate.swift in Sources */,
			);
			runOnlyForDeploymentPostprocessing = 0;
		};
/* End PBXSourcesBuildPhase section */

/* Begin PBXVariantGroup section */
		B228FF791D9AC86E004E157E /* Main.storyboard */ = {
			isa = PBXVariantGroup;
			children = (
				B228FF7A1D9AC86E004E157E /* Base */,
			);
			name = Main.storyboard;
			sourceTree = "<group>";
		};
		B228FF7E1D9AC86E004E157E /* LaunchScreen.storyboard */ = {
			isa = PBXVariantGroup;
			children = (
				B228FF7F1D9AC86E004E157E /* Base */,
			);
			name = LaunchScreen.storyboard;
			sourceTree = "<group>";
		};
/* End PBXVariantGroup section */

/* Begin XCBuildConfiguration section */
		B228FF821D9AC86E004E157E /* Debug */ = {
			isa = XCBuildConfiguration;
			buildSettings = {
				ALWAYS_SEARCH_USER_PATHS = NO;
				CLANG_ANALYZER_NONNULL = YES;
				CLANG_CXX_LANGUAGE_STANDARD = "gnu++0x";
				CLANG_CXX_LIBRARY = "libc++";
				CLANG_ENABLE_MODULES = YES;
				CLANG_ENABLE_OBJC_ARC = YES;
				CLANG_WARN_BOOL_CONVERSION = YES;
				CLANG_WARN_CONSTANT_CONVERSION = YES;
				CLANG_WARN_DIRECT_OBJC_ISA_USAGE = YES_ERROR;
				CLANG_WARN_DOCUMENTATION_COMMENTS = YES;
				CLANG_WARN_EMPTY_BODY = YES;
				CLANG_WARN_ENUM_CONVERSION = YES;
				CLANG_WARN_INFINITE_RECURSION = YES;
				CLANG_WARN_INT_CONVERSION = YES;
				CLANG_WARN_OBJC_ROOT_CLASS = YES_ERROR;
				CLANG_WARN_SUSPICIOUS_MOVE = YES;
				CLANG_WARN_SUSPICIOUS_MOVES = YES;
				CLANG_WARN_UNREACHABLE_CODE = YES;
				CLANG_WARN__DUPLICATE_METHOD_MATCH = YES;
				"CODE_SIGN_IDENTITY[sdk=iphoneos*]" = "iPhone Developer";
				COPY_PHASE_STRIP = NO;
				DEBUG_INFORMATION_FORMAT = dwarf;
				ENABLE_STRICT_OBJC_MSGSEND = YES;
				ENABLE_TESTABILITY = YES;
				GCC_C_LANGUAGE_STANDARD = gnu99;
				GCC_DYNAMIC_NO_PIC = NO;
				GCC_NO_COMMON_BLOCKS = YES;
				GCC_OPTIMIZATION_LEVEL = 0;
				GCC_PREPROCESSOR_DEFINITIONS = (
					"DEBUG=1",
					"$(inherited)",
				);
				GCC_WARN_64_TO_32_BIT_CONVERSION = YES;
				GCC_WARN_ABOUT_RETURN_TYPE = YES_ERROR;
				GCC_WARN_UNDECLARED_SELECTOR = YES;
				GCC_WARN_UNINITIALIZED_AUTOS = YES_AGGRESSIVE;
				GCC_WARN_UNUSED_FUNCTION = YES;
				GCC_WARN_UNUSED_VARIABLE = YES;
				IPHONEOS_DEPLOYMENT_TARGET = 10.0;
				MTL_ENABLE_DEBUG_INFO = YES;
				ONLY_ACTIVE_ARCH = YES;
				SDKROOT = iphoneos;
				SWIFT_ACTIVE_COMPILATION_CONDITIONS = DEBUG;
				SWIFT_OPTIMIZATION_LEVEL = "-Onone";
				TARGETED_DEVICE_FAMILY = "1,2";
			};
			name = Debug;
		};
		B228FF831D9AC86E004E157E /* Release */ = {
			isa = XCBuildConfiguration;
			buildSettings = {
				ALWAYS_SEARCH_USER_PATHS = NO;
				CLANG_ANALYZER_NONNULL = YES;
				CLANG_CXX_LANGUAGE_STANDARD = "gnu++0x";
				CLANG_CXX_LIBRARY = "libc++";
				CLANG_ENABLE_MODULES = YES;
				CLANG_ENABLE_OBJC_ARC = YES;
				CLANG_WARN_BOOL_CONVERSION = YES;
				CLANG_WARN_CONSTANT_CONVERSION = YES;
				CLANG_WARN_DIRECT_OBJC_ISA_USAGE = YES_ERROR;
				CLANG_WARN_DOCUMENTATION_COMMENTS = YES;
				CLANG_WARN_EMPTY_BODY = YES;
				CLANG_WARN_ENUM_CONVERSION = YES;
				CLANG_WARN_INFINITE_RECURSION = YES;
				CLANG_WARN_INT_CONVERSION = YES;
				CLANG_WARN_OBJC_ROOT_CLASS = YES_ERROR;
				CLANG_WARN_SUSPICIOUS_MOVE = YES;
				CLANG_WARN_SUSPICIOUS_MOVES = YES;
				CLANG_WARN_UNREACHABLE_CODE = YES;
				CLANG_WARN__DUPLICATE_METHOD_MATCH = YES;
				"CODE_SIGN_IDENTITY[sdk=iphoneos*]" = "iPhone Developer";
				COPY_PHASE_STRIP = NO;
				DEBUG_INFORMATION_FORMAT = "dwarf-with-dsym";
				ENABLE_NS_ASSERTIONS = NO;
				ENABLE_STRICT_OBJC_MSGSEND = YES;
				GCC_C_LANGUAGE_STANDARD = gnu99;
				GCC_NO_COMMON_BLOCKS = YES;
				GCC_WARN_64_TO_32_BIT_CONVERSION = YES;
				GCC_WARN_ABOUT_RETURN_TYPE = YES_ERROR;
				GCC_WARN_UNDECLARED_SELECTOR = YES;
				GCC_WARN_UNINITIALIZED_AUTOS = YES_AGGRESSIVE;
				GCC_WARN_UNUSED_FUNCTION = YES;
				GCC_WARN_UNUSED_VARIABLE = YES;
				IPHONEOS_DEPLOYMENT_TARGET = 10.0;
				MTL_ENABLE_DEBUG_INFO = NO;
				SDKROOT = iphoneos;
				SWIFT_OPTIMIZATION_LEVEL = "-Owholemodule";
				TARGETED_DEVICE_FAMILY = "1,2";
				VALIDATE_PRODUCT = YES;
			};
			name = Release;
		};
		B228FF851D9AC86E004E157E /* Debug */ = {
			isa = XCBuildConfiguration;
			baseConfigurationReference = 989F46A539567D0BCFD7A85C /* Pods-busping.debug.xcconfig */;
			buildSettings = {
				ALWAYS_EMBED_SWIFT_STANDARD_LIBRARIES = YES;
				ASSETCATALOG_COMPILER_APPICON_NAME = AppIcon;
				DEVELOPMENT_TEAM = 7K9KLB5QXN;
				INFOPLIST_FILE = busping/Info.plist;
				LD_RUNPATH_SEARCH_PATHS = "$(inherited) @executable_path/Frameworks";
				PRODUCT_BUNDLE_IDENTIFIER = com.johnnylinnert.busping;
				PRODUCT_NAME = "$(TARGET_NAME)";
				SWIFT_VERSION = 3.0;
			};
			name = Debug;
		};
		B228FF861D9AC86E004E157E /* Release */ = {
			isa = XCBuildConfiguration;
			baseConfigurationReference = 4B93116794B699A9A28A4668 /* Pods-busping.release.xcconfig */;
			buildSettings = {
				ALWAYS_EMBED_SWIFT_STANDARD_LIBRARIES = YES;
				ASSETCATALOG_COMPILER_APPICON_NAME = AppIcon;
				DEVELOPMENT_TEAM = 7K9KLB5QXN;
				INFOPLIST_FILE = busping/Info.plist;
				LD_RUNPATH_SEARCH_PATHS = "$(inherited) @executable_path/Frameworks";
				PRODUCT_BUNDLE_IDENTIFIER = com.johnnylinnert.busping;
				PRODUCT_NAME = "$(TARGET_NAME)";
				SWIFT_VERSION = 3.0;
			};
			name = Release;
		};
/* End XCBuildConfiguration section */

/* Begin XCConfigurationList section */
		B228FF6D1D9AC86D004E157E /* Build configuration list for PBXProject "busping" */ = {
			isa = XCConfigurationList;
			buildConfigurations = (
				B228FF821D9AC86E004E157E /* Debug */,
				B228FF831D9AC86E004E157E /* Release */,
			);
			defaultConfigurationIsVisible = 0;
			defaultConfigurationName = Release;
		};
		B228FF841D9AC86E004E157E /* Build configuration list for PBXNativeTarget "busping" */ = {
			isa = XCConfigurationList;
			buildConfigurations = (
				B228FF851D9AC86E004E157E /* Debug */,
				B228FF861D9AC86E004E157E /* Release */,
			);
			defaultConfigurationIsVisible = 0;
			defaultConfigurationName = Release;
		};
/* End XCConfigurationList section */
	};
	rootObject = B228FF6A1D9AC86D004E157E /* Project object */;
}
